
Microsoft Visual Studio Solution File, Format Version 12.00
# Visual Studio Version 17
VisualStudioVersion = 17.12.35527.113
MinimumVisualStudioVersion = 10.0.40219.1
Project("{2150E333-8FDC-42A3-9474-1A3956D46DE8}") = "dependencies", "dependencies", "{BE6C4640-5C73-4387-BA5F-96912E965F8C}"
EndProject
Project("{FAE04EC0-301F-11D3-BF4B-00C04F79EFBC}") = "PanelController", "dependencies\PanelController\PanelController\PanelController.csproj", "{51EF7EEB-36DF-4558-92D4-5B8227EE88A6}"
EndProject
Project("{FAE04EC0-301F-11D3-BF4B-00C04F79EFBC}") = "PanelControllerCLI", "PanelControllerCLI\PanelControllerCLI.csproj", "{35E87312-72F0-429B-A0C8-9BB8ABF5266A}"
EndProject
Project("{FAE04EC0-301F-11D3-BF4B-00C04F79EFBC}") = "CLIApplication", "dependencies\CLIApplication\src\CLIApplication\CLIApplication.csproj", "{E83776E7-4985-4C18-9092-BC378A1EE176}"
EndProject
Project("{FAE04EC0-301F-11D3-BF4B-00C04F79EFBC}") = "CLIHost", "CLIHost\CLIHost.csproj", "{88283173-DCD9-4970-9C25-1BE7309B6E88}"
EndProject
Project("{FAE04EC0-301F-11D3-BF4B-00C04F79EFBC}") = "NStreamCom", "dependencies\PanelController\dependencies\NStreamCom\src\NStreamCom\NStreamCom.csproj", "{CDF0DAED-FBB7-43FB-9C94-F32B9EF500DF}"
EndProject
Project("{FAE04EC0-301F-11D3-BF4B-00C04F79EFBC}") = "CLIService", "CLIService\CLIService.csproj", "{10360242-C8E7-43A8-9D83-8AD4C6127854}"
EndProject
Project("{FAE04EC0-301F-11D3-BF4B-00C04F79EFBC}") = "ConsoleRouter", "ConsoleRouter\ConsoleRouter.csproj", "{DDD1FDA4-57A9-4670-8281-43B5CBB0D4C2}"
EndProject
Project("{FAE04EC0-301F-11D3-BF4B-00C04F79EFBC}") = "CLI", "CLI\CLI.csproj", "{6C486B93-E1F6-4747-9CCE-FF98F722F729}"
EndProject
Global
	GlobalSection(SolutionConfigurationPlatforms) = preSolution
		Debug|Any CPU = Debug|Any CPU
		Release|Any CPU = Release|Any CPU
	EndGlobalSection
	GlobalSection(ProjectConfigurationPlatforms) = postSolution
		{51EF7EEB-36DF-4558-92D4-5B8227EE88A6}.Debug|Any CPU.ActiveCfg = Debug|Any CPU
		{51EF7EEB-36DF-4558-92D4-5B8227EE88A6}.Debug|Any CPU.Build.0 = Debug|Any CPU
		{51EF7EEB-36DF-4558-92D4-5B8227EE88A6}.Release|Any CPU.ActiveCfg = Release|Any CPU
		{51EF7EEB-36DF-4558-92D4-5B8227EE88A6}.Release|Any CPU.Build.0 = Release|Any CPU
		{35E87312-72F0-429B-A0C8-9BB8ABF5266A}.Debug|Any CPU.ActiveCfg = Debug|Any CPU
		{35E87312-72F0-429B-A0C8-9BB8ABF5266A}.Debug|Any CPU.Build.0 = Debug|Any CPU
		{35E87312-72F0-429B-A0C8-9BB8ABF5266A}.Release|Any CPU.ActiveCfg = Release|Any CPU
		{35E87312-72F0-429B-A0C8-9BB8ABF5266A}.Release|Any CPU.Build.0 = Release|Any CPU
		{E83776E7-4985-4C18-9092-BC378A1EE176}.Debug|Any CPU.ActiveCfg = Debug|Any CPU
		{E83776E7-4985-4C18-9092-BC378A1EE176}.Debug|Any CPU.Build.0 = Debug|Any CPU
		{E83776E7-4985-4C18-9092-BC378A1EE176}.Release|Any CPU.ActiveCfg = Release|Any CPU
		{E83776E7-4985-4C18-9092-BC378A1EE176}.Release|Any CPU.Build.0 = Release|Any CPU
		{88283173-DCD9-4970-9C25-1BE7309B6E88}.Debug|Any CPU.ActiveCfg = Debug|Any CPU
		{88283173-DCD9-4970-9C25-1BE7309B6E88}.Debug|Any CPU.Build.0 = Debug|Any CPU
		{88283173-DCD9-4970-9C25-1BE7309B6E88}.Release|Any CPU.ActiveCfg = Release|Any CPU
		{88283173-DCD9-4970-9C25-1BE7309B6E88}.Release|Any CPU.Build.0 = Release|Any CPU
		{CDF0DAED-FBB7-43FB-9C94-F32B9EF500DF}.Debug|Any CPU.ActiveCfg = Debug|Any CPU
		{CDF0DAED-FBB7-43FB-9C94-F32B9EF500DF}.Debug|Any CPU.Build.0 = Debug|Any CPU
		{CDF0DAED-FBB7-43FB-9C94-F32B9EF500DF}.Release|Any CPU.ActiveCfg = Release|Any CPU
		{CDF0DAED-FBB7-43FB-9C94-F32B9EF500DF}.Release|Any CPU.Build.0 = Release|Any CPU
		{10360242-C8E7-43A8-9D83-8AD4C6127854}.Debug|Any CPU.ActiveCfg = Debug|Any CPU
		{10360242-C8E7-43A8-9D83-8AD4C6127854}.Debug|Any CPU.Build.0 = Debug|Any CPU
		{10360242-C8E7-43A8-9D83-8AD4C6127854}.Release|Any CPU.ActiveCfg = Release|Any CPU
		{10360242-C8E7-43A8-9D83-8AD4C6127854}.Release|Any CPU.Build.0 = Release|Any CPU
		{DDD1FDA4-57A9-4670-8281-43B5CBB0D4C2}.Debug|Any CPU.ActiveCfg = Debug|Any CPU
		{DDD1FDA4-57A9-4670-8281-43B5CBB0D4C2}.Debug|Any CPU.Build.0 = Debug|Any CPU
		{DDD1FDA4-57A9-4670-8281-43B5CBB0D4C2}.Release|Any CPU.ActiveCfg = Release|Any CPU
		{DDD1FDA4-57A9-4670-8281-43B5CBB0D4C2}.Release|Any CPU.Build.0 = Release|Any CPU
		{6C486B93-E1F6-4747-9CCE-FF98F722F729}.Debug|Any CPU.ActiveCfg = Debug|Any CPU
		{6C486B93-E1F6-4747-9CCE-FF98F722F729}.Debug|Any CPU.Build.0 = Debug|Any CPU
		{6C486B93-E1F6-4747-9CCE-FF98F722F729}.Release|Any CPU.ActiveCfg = Release|Any CPU
		{6C486B93-E1F6-4747-9CCE-FF98F722F729}.Release|Any CPU.Build.0 = Release|Any CPU
	EndGlobalSection
	GlobalSection(SolutionProperties) = preSolution
		HideSolutionNode = FALSE
	EndGlobalSection
	GlobalSection(NestedProjects) = preSolution
		{51EF7EEB-36DF-4558-92D4-5B8227EE88A6} = {BE6C4640-5C73-4387-BA5F-96912E965F8C}
		{E83776E7-4985-4C18-9092-BC378A1EE176} = {BE6C4640-5C73-4387-BA5F-96912E965F8C}
		{CDF0DAED-FBB7-43FB-9C94-F32B9EF500DF} = {BE6C4640-5C73-4387-BA5F-96912E965F8C}
	EndGlobalSection
EndGlobal
